
Microsoft Visual Studio Solution File, Format Version 12.00
# Visual Studio 15
VisualStudioVersion = 15.0.28307.852
MinimumVisualStudioVersion = 10.0.40219.1
Project("{FAE04EC0-301F-11D3-BF4B-00C04F79EFBC}") = "Tavisca.Applauze.WebProject", "Tavisca.Applauze.Core\Tavisca.Applauze.WebProject.csproj", "{FD55A94B-ADFF-4BDF-AA42-D7E81C0264E0}"
EndProject
Project("{FAE04EC0-301F-11D3-BF4B-00C04F79EFBC}") = "Tavisca.Applauze.WebProject.Models", "Tavisca.Applauze.WebProject.Models\Tavisca.Applauze.WebProject.Models.csproj", "{95DB6C01-7F6E-4050-8F6A-7A621F89B282}"
EndProject
Global
	GlobalSection(SolutionConfigurationPlatforms) = preSolution
		Debug|Any CPU = Debug|Any CPU
		Release|Any CPU = Release|Any CPU
	EndGlobalSection
	GlobalSection(ProjectConfigurationPlatforms) = postSolution
		{FD55A94B-ADFF-4BDF-AA42-D7E81C0264E0}.Debug|Any CPU.ActiveCfg = Debug|Any CPU
		{FD55A94B-ADFF-4BDF-AA42-D7E81C0264E0}.Debug|Any CPU.Build.0 = Debug|Any CPU
		{FD55A94B-ADFF-4BDF-AA42-D7E81C0264E0}.Release|Any CPU.ActiveCfg = Release|Any CPU
		{FD55A94B-ADFF-4BDF-AA42-D7E81C0264E0}.Release|Any CPU.Build.0 = Release|Any CPU
		{95DB6C01-7F6E-4050-8F6A-7A621F89B282}.Debug|Any CPU.ActiveCfg = Debug|Any CPU
		{95DB6C01-7F6E-4050-8F6A-7A621F89B282}.Debug|Any CPU.Build.0 = Debug|Any CPU
		{95DB6C01-7F6E-4050-8F6A-7A621F89B282}.Release|Any CPU.ActiveCfg = Release|Any CPU
		{95DB6C01-7F6E-4050-8F6A-7A621F89B282}.Release|Any CPU.Build.0 = Release|Any CPU
	EndGlobalSection
	GlobalSection(SolutionProperties) = preSolution
		HideSolutionNode = FALSE
	EndGlobalSection
	GlobalSection(ExtensibilityGlobals) = postSolution
		SolutionGuid = {50312B6D-7FE9-46EB-99C8-90561795FA90}
	EndGlobalSection
EndGlobal
